github.com/Hatch1fy/errors v0.2.0/go.mod h1:SJFCeScmERvwtYMG7EU24Fe0KfXmiIs7tNlcIl0STKk=
github.com/Hatch1fy/errors v0.3.0 h1:KylivctV7WFButh5rYOSHJUTi2gcalRgsGkAfFk1FsY=
github.com/Hatch1fy/errors v0.3.0/go.mod h1:SJFCeScmERvwtYMG7EU24Fe0KfXmiIs7tNlcIl0STKk=
github.com/hatchify/csvhelper v0.2.0 h1:1Kxt+yeoS3JHOQSBHN6Hou8Mj39kx5PnCUYaYIruqAg=
github.com/hatchify/csvhelper v0.2.0/go.mod h1:KLU4bYi9zQ00NEJ8ddXF015olVwehcOIhQttoZ/KfqU=
