github.com/Hatch1fy/errors v0.3.0 h1:KylivctV7WFButh5rYOSHJUTi2gcalRgsGkAfFk1FsY=
github.com/Hatch1fy/errors v0.3.0/go.mod h1:SJFCeScmERvwtYMG7EU24Fe0KfXmiIs7tNlcIl0STKk=
github.com/hatchify/csvhelper v0.3.0 h1:OxNY9LcXUcKu8eVlYc0DgJlzsPV2eyseCfNnCQAPJGA=
github.com/hatchify/csvhelper v0.3.0/go.mod h1:m3fdvkKr7HhyPCTQFy6VhOavg3f99K6n0FWh2Jxdcvs=
